
Microsoft Visual Studio Solution File, Format Version 12.00
# Visual Studio 15
VisualStudioVersion = 15.0.27130.2024
MinimumVisualStudioVersion = 10.0.40219.1
Project("{FAE04EC0-301F-11D3-BF4B-00C04F79EFBC}") = "Senior Project", "Senior Project\Senior Project.csproj", "{ED2D60D9-02CF-4A2B-9872-D7ECC2FDF6D8}"
EndProject
Global
	GlobalSection(SolutionConfigurationPlatforms) = preSolution
		Debug|Any CPU = Debug|Any CPU
		Release|Any CPU = Release|Any CPU
	EndGlobalSection
	GlobalSection(ProjectConfigurationPlatforms) = postSolution
		{ED2D60D9-02CF-4A2B-9872-D7ECC2FDF6D8}.Debug|Any CPU.ActiveCfg = Debug|Any CPU
		{ED2D60D9-02CF-4A2B-9872-D7ECC2FDF6D8}.Debug|Any CPU.Build.0 = Debug|Any CPU
		{ED2D60D9-02CF-4A2B-9872-D7ECC2FDF6D8}.Release|Any CPU.ActiveCfg = Release|Any CPU
		{ED2D60D9-02CF-4A2B-9872-D7ECC2FDF6D8}.Release|Any CPU.Build.0 = Release|Any CPU
	EndGlobalSection
	GlobalSection(SolutionProperties) = preSolution
		HideSolutionNode = FALSE
	EndGlobalSection
	GlobalSection(ExtensibilityGlobals) = postSolution
		SolutionGuid = {7FF3E815-84A4-4369-8B3A-C1CFB73BAEB1}
	EndGlobalSection
EndGlobal
